// !$*UTF8*$!
{
	archiveVersion = 1;
	classes = {
	};
	objectVersion = 50;
	objects = {

/* Begin PBXBuildFile section */
		69EA682A208E0FC10077AC9E /* AppDelegate.swift in Sources */ = {isa = PBXBuildFile; fileRef = 69EA6829208E0FC10077AC9E /* AppDelegate.swift */; };
		69EA682C208E0FC10077AC9E /* ViewController.swift in Sources */ = {isa = PBXBuildFile; fileRef = 69EA682B208E0FC10077AC9E /* ViewController.swift */; };
		69EA682F208E0FC10077AC9E /* Main.storyboard in Resources */ = {isa = PBXBuildFile; fileRef = 69EA682D208E0FC10077AC9E /* Main.storyboard */; };
		69EA6831208E0FC20077AC9E /* Assets.xcassets in Resources */ = {isa = PBXBuildFile; fileRef = 69EA6830208E0FC20077AC9E /* Assets.xcassets */; };
		69EA6834208E0FC20077AC9E /* LaunchScreen.storyboard in Resources */ = {isa = PBXBuildFile; fileRef = 69EA6832208E0FC20077AC9E /* LaunchScreen.storyboard */; };
		69EA683F208E0FC20077AC9E /* HelloWorldTests.swift in Sources */ = {isa = PBXBuildFile; fileRef = 69EA683E208E0FC20077AC9E /* HelloWorldTests.swift */; };
		69EA684A208E0FC30077AC9E /* HelloWorldUITests.swift in Sources */ = {isa = PBXBuildFile; fileRef = 69EA6849208E0FC30077AC9E /* HelloWorldUITests.swift */; };
/* End PBXBuildFile section */

/* Begin PBXContainerItemProxy section */
		69EA683B208E0FC20077AC9E /* PBXContainerItemProxy */ = {
			isa = PBXContainerItemProxy;
			containerPortal = 69EA681E208E0FC10077AC9E /* Project object */;
			proxyType = 1;
			remoteGlobalIDString = 69EA6825208E0FC10077AC9E;
			remoteInfo = HelloWorld;
		};
		69EA6846208E0FC30077AC9E /* PBXContainerItemProxy */ = {
			isa = PBXContainerItemProxy;
			containerPortal = 69EA681E208E0FC10077AC9E /* Project object */;
			proxyType = 1;
			remoteGlobalIDString = 69EA6825208E0FC10077AC9E;
			remoteInfo = HelloWorld;
		};
/* End PBXContainerItemProxy section */

/* Begin PBXFileReference section */
		69EA6826208E0FC10077AC9E /* HelloWorld.app */ = {isa = PBXFileReference; explicitFileType = wrapper.application; includeInIndex = 0; path = HelloWorld.app; sourceTree = BUILT_PRODUCTS_DIR; };
		69EA6829208E0FC10077AC9E /* AppDelegate.swift */ = {isa = PBXFileReference; lastKnownFileType = sourcecode.swift; path = AppDelegate.swift; sourceTree = "<group>"; };
		69EA682B208E0FC10077AC9E /* ViewController.swift */ = {isa = PBXFileReference; lastKnownFileType = sourcecode.swift; path = ViewController.swift; sourceTree = "<group>"; };
		69EA682E208E0FC10077AC9E /* Base */ = {isa = PBXFileReference; lastKnownFileType = file.storyboard; name = Base; path = Base.lproj/Main.storyboard; sourceTree = "<group>"; };
		69EA6830208E0FC20077AC9E /* Assets.xcassets */ = {isa = PBXFileReference; lastKnownFileType = folder.assetcatalog; path = Assets.xcassets; sourceTree = "<group>"; };
		69EA6833208E0FC20077AC9E /* Base */ = {isa = PBXFileReference; lastKnownFileType = file.storyboard; name = Base; path = Base.lproj/LaunchScreen.storyboard; sourceTree = "<group>"; };
		69EA6835208E0FC20077AC9E /* Info.plist */ = {isa = PBXFileReference; lastKnownFileType = text.plist.xml; path = Info.plist; sourceTree = "<group>"; };
		69EA683A208E0FC20077AC9E /* HelloWorldTests.xctest */ = {isa = PBXFileReference; explicitFileType = wrapper.cfbundle; includeInIndex = 0; path = HelloWorldTests.xctest; sourceTree = BUILT_PRODUCTS_DIR; };
		69EA683E208E0FC20077AC9E /* HelloWorldTests.swift */ = {isa = PBXFileReference; lastKnownFileType = sourcecode.swift; path = HelloWorldTests.swift; sourceTree = "<group>"; };
		69EA6840208E0FC20077AC9E /* Info.plist */ = {isa = PBXFileReference; lastKnownFileType = text.plist.xml; path = Info.plist; sourceTree = "<group>"; };
		69EA6845208E0FC30077AC9E /* HelloWorldUITests.xctest */ = {isa = PBXFileReference; explicitFileType = wrapper.cfbundle; includeInIndex = 0; path = HelloWorldUITests.xctest; sourceTree = BUILT_PRODUCTS_DIR; };
		69EA6849208E0FC30077AC9E /* HelloWorldUITests.swift */ = {isa = PBXFileReference; lastKnownFileType = sourcecode.swift; path = HelloWorldUITests.swift; sourceTree = "<group>"; };
		69EA684B208E0FC30077AC9E /* Info.plist */ = {isa = PBXFileReference; lastKnownFileType = text.plist.xml; path = Info.plist; sourceTree = "<group>"; };
/* End PBXFileReference section */

/* Begin PBXFrameworksBuildPhase section */
		69EA6823208E0FC10077AC9E /* Frameworks */ = {
			isa = PBXFrameworksBuildPhase;
			buildActionMask = 2147483647;
			files = (
			);
			runOnlyForDeploymentPostprocessing = 0;
		};
		69EA6837208E0FC20077AC9E /* Frameworks */ = {
			isa = PBXFrameworksBuildPhase;
			buildActionMask = 2147483647;
			files = (
			);
			runOnlyForDeploymentPostprocessing = 0;
		};
		69EA6842208E0FC30077AC9E /* Frameworks */ = {
			isa = PBXFrameworksBuildPhase;
			buildActionMask = 2147483647;
			files = (
			);
			runOnlyForDeploymentPostprocessing = 0;
		};
/* End PBXFrameworksBuildPhase section */

/* Begin PBXGroup section */
		69EA681D208E0FC10077AC9E = {
			isa = PBXGroup;
			children = (
				69EA6828208E0FC10077AC9E /* HelloWorld */,
				69EA683D208E0FC20077AC9E /* HelloWorldTests */,
				69EA6848208E0FC30077AC9E /* HelloWorldUITests */,
				69EA6827208E0FC10077AC9E /* Products */,
			);
			sourceTree = "<group>";
		};
		69EA6827208E0FC10077AC9E /* Products */ = {
			isa = PBXGroup;
			children = (
				69EA6826208E0FC10077AC9E /* HelloWorld.app */,
				69EA683A208E0FC20077AC9E /* HelloWorldTests.xctest */,
				69EA6845208E0FC30077AC9E /* HelloWorldUITests.xctest */,
			);
			name = Products;
			sourceTree = "<group>";
		};
		69EA6828208E0FC10077AC9E /* HelloWorld */ = {
			isa = PBXGroup;
			children = (
				69EA6829208E0FC10077AC9E /* AppDelegate.swift */,
				69EA682B208E0FC10077AC9E /* ViewController.swift */,
				69EA682D208E0FC10077AC9E /* Main.storyboard */,
				69EA6830208E0FC20077AC9E /* Assets.xcassets */,
				69EA6832208E0FC20077AC9E /* LaunchScreen.storyboard */,
				69EA6835208E0FC20077AC9E /* Info.plist */,
			);
			path = HelloWorld;
			sourceTree = "<group>";
		};
		69EA683D208E0FC20077AC9E /* HelloWorldTests */ = {
			isa = PBXGroup;
			children = (
				69EA683E208E0FC20077AC9E /* HelloWorldTests.swift */,
				69EA6840208E0FC20077AC9E /* Info.plist */,
			);
			path = HelloWorldTests;
			sourceTree = "<group>";
		};
		69EA6848208E0FC30077AC9E /* HelloWorldUITests */ = {
			isa = PBXGroup;
			children = (
				69EA6849208E0FC30077AC9E /* HelloWorldUITests.swift */,
				69EA684B208E0FC30077AC9E /* Info.plist */,
			);
			path = HelloWorldUITests;
			sourceTree = "<group>";
		};
/* End PBXGroup section */

/* Begin PBXNativeTarget section */
		69EA6825208E0FC10077AC9E /* HelloWorld */ = {
			isa = PBXNativeTarget;
			buildConfigurationList = 69EA684E208E0FC30077AC9E /* Build configuration list for PBXNativeTarget "HelloWorld" */;
			buildPhases = (
				69EA6822208E0FC10077AC9E /* Sources */,
				69EA6823208E0FC10077AC9E /* Frameworks */,
				69EA6824208E0FC10077AC9E /* Resources */,
			);
			buildRules = (
			);
			dependencies = (
			);
			name = HelloWorld;
			productName = HelloWorld;
			productReference = 69EA6826208E0FC10077AC9E /* HelloWorld.app */;
			productType = "com.apple.product-type.application";
		};
		69EA6839208E0FC20077AC9E /* HelloWorldTests */ = {
			isa = PBXNativeTarget;
			buildConfigurationList = 69EA6851208E0FC30077AC9E /* Build configuration list for PBXNativeTarget "HelloWorldTests" */;
			buildPhases = (
				69EA6836208E0FC20077AC9E /* Sources */,
				69EA6837208E0FC20077AC9E /* Frameworks */,
				69EA6838208E0FC20077AC9E /* Resources */,
			);
			buildRules = (
			);
			dependencies = (
				69EA683C208E0FC20077AC9E /* PBXTargetDependency */,
			);
			name = HelloWorldTests;
			productName = HelloWorldTests;
			productReference = 69EA683A208E0FC20077AC9E /* HelloWorldTests.xctest */;
			productType = "com.apple.product-type.bundle.unit-test";
		};
		69EA6844208E0FC30077AC9E /* HelloWorldUITests */ = {
			isa = PBXNativeTarget;
			buildConfigurationList = 69EA6854208E0FC30077AC9E /* Build configuration list for PBXNativeTarget "HelloWorldUITests" */;
			buildPhases = (
				69EA6841208E0FC30077AC9E /* Sources */,
				69EA6842208E0FC30077AC9E /* Frameworks */,
				69EA6843208E0FC30077AC9E /* Resources */,
			);
			buildRules = (
			);
			dependencies = (
				69EA6847208E0FC30077AC9E /* PBXTargetDependency */,
			);
			name = HelloWorldUITests;
			productName = HelloWorldUITests;
			productReference = 69EA6845208E0FC30077AC9E /* HelloWorldUITests.xctest */;
			productType = "com.apple.product-type.bundle.ui-testing";
		};
/* End PBXNativeTarget section */

/* Begin PBXProject section */
		69EA681E208E0FC10077AC9E /* Project object */ = {
			isa = PBXProject;
			attributes = {
				LastSwiftUpdateCheck = 0930;
				LastUpgradeCheck = 0930;
				ORGANIZATIONNAME = masayoshi.yamamoto;
				TargetAttributes = {
					69EA6825208E0FC10077AC9E = {
						CreatedOnToolsVersion = 9.3;
					};
					69EA6839208E0FC20077AC9E = {
						CreatedOnToolsVersion = 9.3;
						TestTargetID = 69EA6825208E0FC10077AC9E;
					};
					69EA6844208E0FC30077AC9E = {
						CreatedOnToolsVersion = 9.3;
						TestTargetID = 69EA6825208E0FC10077AC9E;
					};
				};
			};
			buildConfigurationList = 69EA6821208E0FC10077AC9E /* Build configuration list for PBXProject "HelloWorld" */;
			compatibilityVersion = "Xcode 9.3";
			developmentRegion = en;
			hasScannedForEncodings = 0;
			knownRegions = (
				en,
				Base,
			);
			mainGroup = 69EA681D208E0FC10077AC9E;
			productRefGroup = 69EA6827208E0FC10077AC9E /* Products */;
			projectDirPath = "";
			projectRoot = "";
			targets = (
				69EA6825208E0FC10077AC9E /* HelloWorld */,
				69EA6839208E0FC20077AC9E /* HelloWorldTests */,
				69EA6844208E0FC30077AC9E /* HelloWorldUITests */,
			);
		};
/* End PBXProject section */

/* Begin PBXResourcesBuildPhase section */
		69EA6824208E0FC10077AC9E /* Resources */ = {
			isa = PBXResourcesBuildPhase;
			buildActionMask = 2147483647;
			files = (
				69EA6834208E0FC20077AC9E /* LaunchScreen.storyboard in Resources */,
				69EA6831208E0FC20077AC9E /* Assets.xcassets in Resources */,
				69EA682F208E0FC10077AC9E /* Main.storyboard in Resources */,
			);
			runOnlyForDeploymentPostprocessing = 0;
		};
		69EA6838208E0FC20077AC9E /* Resources */ = {
			isa = PBXResourcesBuildPhase;
			buildActionMask = 2147483647;
			files = (
			);
			runOnlyForDeploymentPostprocessing = 0;
		};
		69EA6843208E0FC30077AC9E /* Resources */ = {
			isa = PBXResourcesBuildPhase;
			buildActionMask = 2147483647;
			files = (
			);
			runOnlyForDeploymentPostprocessing = 0;
		};
/* End PBXResourcesBuildPhase section */

/* Begin PBXSourcesBuildPhase section */
		69EA6822208E0FC10077AC9E /* Sources */ = {
			isa = PBXSourcesBuildPhase;
			buildActionMask = 2147483647;
			files = (
				69EA682C208E0FC10077AC9E /* ViewController.swift in Sources */,
				69EA682A208E0FC10077AC9E /* AppDelegate.swift in Sources */,
			);
			runOnlyForDeploymentPostprocessing = 0;
		};
		69EA6836208E0FC20077AC9E /* Sources */ = {
			isa = PBXSourcesBuildPhase;
			buildActionMask = 2147483647;
			files = (
				69EA683F208E0FC20077AC9E /* HelloWorldTests.swift in Sources */,
			);
			runOnlyForDeploymentPostprocessing = 0;
		};
		69EA6841208E0FC30077AC9E /* Sources */ = {
			isa = PBXSourcesBuildPhase;
			buildActionMask = 2147483647;
			files = (
				69EA684A208E0FC30077AC9E /* HelloWorldUITests.swift in Sources */,
			);
			runOnlyForDeploymentPostprocessing = 0;
		};
/* End PBXSourcesBuildPhase section */

/* Begin PBXTargetDependency section */
		69EA683C208E0FC20077AC9E /* PBXTargetDependency */ = {
			isa = PBXTargetDependency;
			target = 69EA6825208E0FC10077AC9E /* HelloWorld */;
			targetProxy = 69EA683B208E0FC20077AC9E /* PBXContainerItemProxy */;
		};
		69EA6847208E0FC30077AC9E /* PBXTargetDependency */ = {
			isa = PBXTargetDependency;
			target = 69EA6825208E0FC10077AC9E /* HelloWorld */;
			targetProxy = 69EA6846208E0FC30077AC9E /* PBXContainerItemProxy */;
		};
/* End PBXTargetDependency section */

/* Begin PBXVariantGroup section */
		69EA682D208E0FC10077AC9E /* Main.storyboard */ = {
			isa = PBXVariantGroup;
			children = (
				69EA682E208E0FC10077AC9E /* Base */,
			);
			name = Main.storyboard;
			sourceTree = "<group>";
		};
		69EA6832208E0FC20077AC9E /* LaunchScreen.storyboard */ = {
			isa = PBXVariantGroup;
			children = (
				69EA6833208E0FC20077AC9E /* Base */,
			);
			name = LaunchScreen.storyboard;
			sourceTree = "<group>";
		};
/* End PBXVariantGroup section */

/* Begin XCBuildConfiguration section */
		69EA684C208E0FC30077AC9E /* Debug */ = {
			isa = XCBuildConfiguration;
			buildSettings = {
				ALWAYS_SEARCH_USER_PATHS = NO;
				CLANG_ANALYZER_NONNULL = YES;
				CLANG_ANALYZER_NUMBER_OBJECT_CONVERSION = YES_AGGRESSIVE;
				CLANG_CXX_LANGUAGE_STANDARD = "gnu++14";
				CLANG_CXX_LIBRARY = "libc++";
				CLANG_ENABLE_MODULES = YES;
				CLANG_ENABLE_OBJC_ARC = YES;
				CLANG_ENABLE_OBJC_WEAK = YES;
				CLANG_WARN_BLOCK_CAPTURE_AUTORELEASING = YES;
				CLANG_WARN_BOOL_CONVERSION = YES;
				CLANG_WARN_COMMA = YES;
				CLANG_WARN_CONSTANT_CONVERSION = YES;
				CLANG_WARN_DEPRECATED_OBJC_IMPLEMENTATIONS = YES;
				CLANG_WARN_DIRECT_OBJC_ISA_USAGE = YES_ERROR;
				CLANG_WARN_DOCUMENTATION_COMMENTS = YES;
				CLANG_WARN_EMPTY_BODY = YES;
				CLANG_WARN_ENUM_CONVERSION = YES;
				CLANG_WARN_INFINITE_RECURSION = YES;
				CLANG_WARN_INT_CONVERSION = YES;
				CLANG_WARN_NON_LITERAL_NULL_CONVERSION = YES;
				CLANG_WARN_OBJC_IMPLICIT_RETAIN_SELF = YES;
				CLANG_WARN_OBJC_LITERAL_CONVERSION = YES;
				CLANG_WARN_OBJC_ROOT_CLASS = YES_ERROR;
				CLANG_WARN_RANGE_LOOP_ANALYSIS = YES;
				CLANG_WARN_STRICT_PROTOTYPES = YES;
				CLANG_WARN_SUSPICIOUS_MOVE = YES;
				CLANG_WARN_UNGUARDED_AVAILABILITY = YES_AGGRESSIVE;
				CLANG_WARN_UNREACHABLE_CODE = YES;
				CLANG_WARN__DUPLICATE_METHOD_MATCH = YES;
				CODE_SIGN_IDENTITY = "iPhone Developer";
				COPY_PHASE_STRIP = NO;
				DEBUG_INFORMATION_FORMAT = dwarf;
				ENABLE_STRICT_OBJC_MSGSEND = YES;
				ENABLE_TESTABILITY = YES;
				GCC_C_LANGUAGE_STANDARD = gnu11;
				GCC_DYNAMIC_NO_PIC = NO;
				GCC_NO_COMMON_BLOCKS = YES;
				GCC_OPTIMIZATION_LEVEL = 0;
				GCC_PREPROCESSOR_DEFINITIONS = (
					"DEBUG=1",
					"$(inherited)",
				);
				GCC_WARN_64_TO_32_BIT_CONVERSION = YES;
				GCC_WARN_ABOUT_RETURN_TYPE = YES_ERROR;
				GCC_WARN_UNDECLARED_SELECTOR = YES;
				GCC_WARN_UNINITIALIZED_AUTOS = YES_AGGRESSIVE;
				GCC_WARN_UNUSED_FUNCTION = YES;
				GCC_WARN_UNUSED_VARIABLE = YES;
				IPHONEOS_DEPLOYMENT_TARGET = 11.3;
				MTL_ENABLE_DEBUG_INFO = YES;
				ONLY_ACTIVE_ARCH = YES;
				SDKROOT = iphoneos;
				SWIFT_ACTIVE_COMPILATION_CONDITIONS = DEBUG;
				SWIFT_OPTIMIZATION_LEVEL = "-Onone";
			};
			name = Debug;
		};
		69EA684D208E0FC30077AC9E /* Release */ = {
			isa = XCBuildConfiguration;
			buildSettings = {
				ALWAYS_SEARCH_USER_PATHS = NO;
				CLANG_ANALYZER_NONNULL = YES;
				CLANG_ANALYZER_NUMBER_OBJECT_CONVERSION = YES_AGGRESSIVE;
				CLANG_CXX_LANGUAGE_STANDARD = "gnu++14";
				CLANG_CXX_LIBRARY = "libc++";
				CLANG_ENABLE_MODULES = YES;
				CLANG_ENABLE_OBJC_ARC = YES;
				CLANG_ENABLE_OBJC_WEAK = YES;
				CLANG_WARN_BLOCK_CAPTURE_AUTORELEASING = YES;
				CLANG_WARN_BOOL_CONVERSION = YES;
				CLANG_WARN_COMMA = YES;
				CLANG_WARN_CONSTANT_CONVERSION = YES;
				CLANG_WARN_DEPRECATED_OBJC_IMPLEMENTATIONS = YES;
				CLANG_WARN_DIRECT_OBJC_ISA_USAGE = YES_ERROR;
				CLANG_WARN_DOCUMENTATION_COMMENTS = YES;
				CLANG_WARN_EMPTY_BODY = YES;
				CLANG_WARN_ENUM_CONVERSION = YES;
				CLANG_WARN_INFINITE_RECURSION = YES;
				CLANG_WARN_INT_CONVERSION = YES;
				CLANG_WARN_NON_LITERAL_NULL_CONVERSION = YES;
				CLANG_WARN_OBJC_IMPLICIT_RETAIN_SELF = YES;
				CLANG_WARN_OBJC_LITERAL_CONVERSION = YES;
				CLANG_WARN_OBJC_ROOT_CLASS = YES_ERROR;
				CLANG_WARN_RANGE_LOOP_ANALYSIS = YES;
				CLANG_WARN_STRICT_PROTOTYPES = YES;
				CLANG_WARN_SUSPICIOUS_MOVE = YES;
				CLANG_WARN_UNGUARDED_AVAILABILITY = YES_AGGRESSIVE;
				CLANG_WARN_UNREACHABLE_CODE = YES;
				CLANG_WARN__DUPLICATE_METHOD_MATCH = YES;
				CODE_SIGN_IDENTITY = "iPhone Developer";
				COPY_PHASE_STRIP = NO;
				DEBUG_INFORMATION_FORMAT = "dwarf-with-dsym";
				ENABLE_NS_ASSERTIONS = NO;
				ENABLE_STRICT_OBJC_MSGSEND = YES;
				GCC_C_LANGUAGE_STANDARD = gnu11;
				GCC_NO_COMMON_BLOCKS = YES;
				GCC_WARN_64_TO_32_BIT_CONVERSION = YES;
				GCC_WARN_ABOUT_RETURN_TYPE = YES_ERROR;
				GCC_WARN_UNDECLARED_SELECTOR = YES;
				GCC_WARN_UNINITIALIZED_AUTOS = YES_AGGRESSIVE;
				GCC_WARN_UNUSED_FUNCTION = YES;
				GCC_WARN_UNUSED_VARIABLE = YES;
				IPHONEOS_DEPLOYMENT_TARGET = 11.3;
				MTL_ENABLE_DEBUG_INFO = NO;
				SDKROOT = iphoneos;
				SWIFT_COMPILATION_MODE = wholemodule;
				SWIFT_OPTIMIZATION_LEVEL = "-O";
				VALIDATE_PRODUCT = YES;
			};
			name = Release;
		};
		69EA684F208E0FC30077AC9E /* Debug */ = {
			isa = XCBuildConfiguration;
			buildSettings = {
				ASSETCATALOG_COMPILER_APPICON_NAME = AppIcon;
				CODE_SIGN_STYLE = Automatic;
				DEVELOPMENT_TEAM = HU4S7AH7PD;
				INFOPLIST_FILE = HelloWorld/Info.plist;
				LD_RUNPATH_SEARCH_PATHS = (
					"$(inherited)",
					"@executable_path/Frameworks",
				);
				PRODUCT_BUNDLE_IDENTIFIER = jp.techacademy.masayoshi.yamamoto.HelloWorld;
				PRODUCT_NAME = "$(TARGET_NAME)";
				SWIFT_VERSION = 4.0;
				TARGETED_DEVICE_FAMILY = "1,2";
			};
			name = Debug;
		};
		69EA6850208E0FC30077AC9E /* Release */ = {
			isa = XCBuildConfiguration;
			buildSettings = {
				ASSETCATALOG_COMPILER_APPICON_NAME = AppIcon;
				CODE_SIGN_STYLE = Automatic;
				DEVELOPMENT_TEAM = HU4S7AH7PD;
				INFOPLIST_FILE = HelloWorld/Info.plist;
				LD_RUNPATH_SEARCH_PATHS = (
					"$(inherited)",
					"@executable_path/Frameworks",
				);
				PRODUCT_BUNDLE_IDENTIFIER = jp.techacademy.masayoshi.yamamoto.HelloWorld;
				PRODUCT_NAME = "$(TARGET_NAME)";
				SWIFT_VERSION = 4.0;
				TARGETED_DEVICE_FAMILY = "1,2";
			};
			name = Release;
		};
		69EA6852208E0FC30077AC9E /* Debug */ = {
			isa = XCBuildConfiguration;
			buildSettings = {
				ALWAYS_EMBED_SWIFT_STANDARD_LIBRARIES = YES;
				BUNDLE_LOADER = "$(TEST_HOST)";
				CODE_SIGN_STYLE = Automatic;
				INFOPLIST_FILE = HelloWorldTests/Info.plist;
				LD_RUNPATH_SEARCH_PATHS = (
					"$(inherited)",
					"@executable_path/Frameworks",
					"@loader_path/Frameworks",
				);
				PRODUCT_BUNDLE_IDENTIFIER = jp.techacademy.masayoshi.yamamoto.HelloWorldTests;
				PRODUCT_NAME = "$(TARGET_NAME)";
				SWIFT_VERSION = 4.0;
				TARGETED_DEVICE_FAMILY = "1,2";
				TEST_HOST = "$(BUILT_PRODUCTS_DIR)/HelloWorld.app/HelloWorld";
			};
			name = Debug;
		};
		69EA6853208E0FC30077AC9E /* Release */ = {
			isa = XCBuildConfiguration;
			buildSettings = {
				ALWAYS_EMBED_SWIFT_STANDARD_LIBRARIES = YES;
				BUNDLE_LOADER = "$(TEST_HOST)";
				CODE_SIGN_STYLE = Automatic;
				INFOPLIST_FILE = HelloWorldTests/Info.plist;
				LD_RUNPATH_SEARCH_PATHS = (
					"$(inherited)",
					"@executable_path/Frameworks",
					"@loader_path/Frameworks",
				);
				PRODUCT_BUNDLE_IDENTIFIER = jp.techacademy.masayoshi.yamamoto.HelloWorldTests;
				PRODUCT_NAME = "$(TARGET_NAME)";
				SWIFT_VERSION = 4.0;
				TARGETED_DEVICE_FAMILY = "1,2";
				TEST_HOST = "$(BUILT_PRODUCTS_DIR)/HelloWorld.app/HelloWorld";
			};
			name = Release;
		};
		69EA6855208E0FC30077AC9E /* Debug */ = {
			isa = XCBuildConfiguration;
			buildSettings = {
				ALWAYS_EMBED_SWIFT_STANDARD_LIBRARIES = YES;
				CODE_SIGN_STYLE = Automatic;
				INFOPLIST_FILE = HelloWorldUITests/Info.plist;
				LD_RUNPATH_SEARCH_PATHS = (
					"$(inherited)",
					"@executable_path/Frameworks",
					"@loader_path/Frameworks",
				);
				PRODUCT_BUNDLE_IDENTIFIER = jp.techacademy.masayoshi.yamamoto.HelloWorldUITests;
				PRODUCT_NAME = "$(TARGET_NAME)";
				SWIFT_VERSION = 4.0;
				TARGETED_DEVICE_FAMILY = "1,2";
				TEST_TARGET_NAME = HelloWorld;
			};
			name = Debug;
		};
		69EA6856208E0FC30077AC9E /* Release */ = {
			isa = XCBuildConfiguration;
			buildSettings = {
				ALWAYS_EMBED_SWIFT_STANDARD_LIBRARIES = YES;
				CODE_SIGN_STYLE = Automatic;
				INFOPLIST_FILE = HelloWorldUITests/Info.plist;
				LD_RUNPATH_SEARCH_PATHS = (
					"$(inherited)",
					"@executable_path/Frameworks",
					"@loader_path/Frameworks",
				);
				PRODUCT_BUNDLE_IDENTIFIER = jp.techacademy.masayoshi.yamamoto.HelloWorldUITests;
				PRODUCT_NAME = "$(TARGET_NAME)";
				SWIFT_VERSION = 4.0;
				TARGETED_DEVICE_FAMILY = "1,2";
				TEST_TARGET_NAME = HelloWorld;
			};
			name = Release;
		};
/* End XCBuildConfiguration section */

/* Begin XCConfigurationList section */
		69EA6821208E0FC10077AC9E /* Build configuration list for PBXProject "HelloWorld" */ = {
			isa = XCConfigurationList;
			buildConfigurations = (
				69EA684C208E0FC30077AC9E /* Debug */,
				69EA684D208E0FC30077AC9E /* Release */,
			);
			defaultConfigurationIsVisible = 0;
			defaultConfigurationName = Release;
		};
		69EA684E208E0FC30077AC9E /* Build configuration list for PBXNativeTarget "HelloWorld" */ = {
			isa = XCConfigurationList;
			buildConfigurations = (
				69EA684F208E0FC30077AC9E /* Debug */,
				69EA6850208E0FC30077AC9E /* Release */,
			);
			defaultConfigurationIsVisible = 0;
			defaultConfigurationName = Release;
		};
		69EA6851208E0FC30077AC9E /* Build configuration list for PBXNativeTarget "HelloWorldTests" */ = {
			isa = XCConfigurationList;
			buildConfigurations = (
				69EA6852208E0FC30077AC9E /* Debug */,
				69EA6853208E0FC30077AC9E /* Release */,
			);
			defaultConfigurationIsVisible = 0;
			defaultConfigurationName = Release;
		};
		69EA6854208E0FC30077AC9E /* Build configuration list for PBXNativeTarget "HelloWorldUITests" */ = {
			isa = XCConfigurationList;
			buildConfigurations = (
				69EA6855208E0FC30077AC9E /* Debug */,
				69EA6856208E0FC30077AC9E /* Release */,
			);
			defaultConfigurationIsVisible = 0;
			defaultConfigurationName = Release;
		};
/* End XCConfigurationList section */
	};
	rootObject = 69EA681E208E0FC10077AC9E /* Project object */;
}
